
Microsoft Visual Studio Solution File, Format Version 12.00
# Visual Studio Version 16
VisualStudioVersion = 16.0.29926.136
MinimumVisualStudioVersion = 10.0.40219.1
Project("{888888A0-9F3D-457C-B088-3A5042F75D52}") = "Cookbook", "Cookbook\Cookbook.pyproj", "{4DDFD1B9-522E-46DE-B39F-E6B0A22EE04B}"
EndProject
Global
	GlobalSection(SolutionConfigurationPlatforms) = preSolution
		Debug|Any CPU = Debug|Any CPU
		Release|Any CPU = Release|Any CPU
	EndGlobalSection
	GlobalSection(ProjectConfigurationPlatforms) = postSolution
		{4DDFD1B9-522E-46DE-B39F-E6B0A22EE04B}.Debug|Any CPU.ActiveCfg = Debug|Any CPU
		{4DDFD1B9-522E-46DE-B39F-E6B0A22EE04B}.Release|Any CPU.ActiveCfg = Release|Any CPU
	EndGlobalSection
	GlobalSection(SolutionProperties) = preSolution
		HideSolutionNode = FALSE
	EndGlobalSection
	GlobalSection(ExtensibilityGlobals) = postSolution
		SolutionGuid = {0B43BC15-ECC6-4459-A165-2E8FB045FBA0}
	EndGlobalSection
EndGlobal
